// !$*UTF8*$!
{
	archiveVersion = 1;
	classes = {
	};
	objectVersion = 50;
	objects = {

/* Begin PBXBuildFile section */
		560DB55921DDB00200B24067 /* StartVC.swift in Sources */ = {isa = PBXBuildFile; fileRef = 560DB55821DDB00200B24067 /* StartVC.swift */; };
		56AF6D9E21D420E6004D9211 /* AppDelegate.swift in Sources */ = {isa = PBXBuildFile; fileRef = 56AF6D9D21D420E6004D9211 /* AppDelegate.swift */; };
		56AF6DA021D420E6004D9211 /* art.scnassets in Resources */ = {isa = PBXBuildFile; fileRef = 56AF6D9F21D420E6004D9211 /* art.scnassets */; };
		56AF6DA221D420E6004D9211 /* ViewController.swift in Sources */ = {isa = PBXBuildFile; fileRef = 56AF6DA121D420E6004D9211 /* ViewController.swift */; };
		56AF6DA521D420E6004D9211 /* Main.storyboard in Resources */ = {isa = PBXBuildFile; fileRef = 56AF6DA321D420E6004D9211 /* Main.storyboard */; };
		56AF6DA721D420E7004D9211 /* Assets.xcassets in Resources */ = {isa = PBXBuildFile; fileRef = 56AF6DA621D420E7004D9211 /* Assets.xcassets */; };
		56AF6DAA21D420E7004D9211 /* LaunchScreen.storyboard in Resources */ = {isa = PBXBuildFile; fileRef = 56AF6DA821D420E7004D9211 /* LaunchScreen.storyboard */; };
		56AF6DB521D420E7004D9211 /* ARDiceeTests.swift in Sources */ = {isa = PBXBuildFile; fileRef = 56AF6DB421D420E7004D9211 /* ARDiceeTests.swift */; };
		56AF6DC021D420E7004D9211 /* ARDiceeUITests.swift in Sources */ = {isa = PBXBuildFile; fileRef = 56AF6DBF21D420E7004D9211 /* ARDiceeUITests.swift */; };
/* End PBXBuildFile section */

/* Begin PBXContainerItemProxy section */
		56AF6DB121D420E7004D9211 /* PBXContainerItemProxy */ = {
			isa = PBXContainerItemProxy;
			containerPortal = 56AF6D9221D420E6004D9211 /* Project object */;
			proxyType = 1;
			remoteGlobalIDString = 56AF6D9921D420E6004D9211;
			remoteInfo = ARDicee;
		};
		56AF6DBC21D420E7004D9211 /* PBXContainerItemProxy */ = {
			isa = PBXContainerItemProxy;
			containerPortal = 56AF6D9221D420E6004D9211 /* Project object */;
			proxyType = 1;
			remoteGlobalIDString = 56AF6D9921D420E6004D9211;
			remoteInfo = ARDicee;
		};
/* End PBXContainerItemProxy section */

/* Begin PBXFileReference section */
		560DB55821DDB00200B24067 /* StartVC.swift */ = {isa = PBXFileReference; lastKnownFileType = sourcecode.swift; path = StartVC.swift; sourceTree = "<group>"; };
		56AF6D9A21D420E6004D9211 /* ARDicee.app */ = {isa = PBXFileReference; explicitFileType = wrapper.application; includeInIndex = 0; path = ARDicee.app; sourceTree = BUILT_PRODUCTS_DIR; };
		56AF6D9D21D420E6004D9211 /* AppDelegate.swift */ = {isa = PBXFileReference; lastKnownFileType = sourcecode.swift; path = AppDelegate.swift; sourceTree = "<group>"; };
		56AF6D9F21D420E6004D9211 /* art.scnassets */ = {isa = PBXFileReference; lastKnownFileType = wrapper.scnassets; path = art.scnassets; sourceTree = "<group>"; };
		56AF6DA121D420E6004D9211 /* ViewController.swift */ = {isa = PBXFileReference; lastKnownFileType = sourcecode.swift; path = ViewController.swift; sourceTree = "<group>"; };
		56AF6DA421D420E6004D9211 /* Base */ = {isa = PBXFileReference; lastKnownFileType = file.storyboard; name = Base; path = Base.lproj/Main.storyboard; sourceTree = "<group>"; };
		56AF6DA621D420E7004D9211 /* Assets.xcassets */ = {isa = PBXFileReference; lastKnownFileType = folder.assetcatalog; path = Assets.xcassets; sourceTree = "<group>"; };
		56AF6DA921D420E7004D9211 /* Base */ = {isa = PBXFileReference; lastKnownFileType = file.storyboard; name = Base; path = Base.lproj/LaunchScreen.storyboard; sourceTree = "<group>"; };
		56AF6DAB21D420E7004D9211 /* Info.plist */ = {isa = PBXFileReference; lastKnownFileType = text.plist.xml; path = Info.plist; sourceTree = "<group>"; };
		56AF6DB021D420E7004D9211 /* ARDiceeTests.xctest */ = {isa = PBXFileReference; explicitFileType = wrapper.cfbundle; includeInIndex = 0; path = ARDiceeTests.xctest; sourceTree = BUILT_PRODUCTS_DIR; };
		56AF6DB421D420E7004D9211 /* ARDiceeTests.swift */ = {isa = PBXFileReference; lastKnownFileType = sourcecode.swift; path = ARDiceeTests.swift; sourceTree = "<group>"; };
		56AF6DB621D420E7004D9211 /* Info.plist */ = {isa = PBXFileReference; lastKnownFileType = text.plist.xml; path = Info.plist; sourceTree = "<group>"; };
		56AF6DBB21D420E7004D9211 /* ARDiceeUITests.xctest */ = {isa = PBXFileReference; explicitFileType = wrapper.cfbundle; includeInIndex = 0; path = ARDiceeUITests.xctest; sourceTree = BUILT_PRODUCTS_DIR; };
		56AF6DBF21D420E7004D9211 /* ARDiceeUITests.swift */ = {isa = PBXFileReference; lastKnownFileType = sourcecode.swift; path = ARDiceeUITests.swift; sourceTree = "<group>"; };
		56AF6DC121D420E7004D9211 /* Info.plist */ = {isa = PBXFileReference; lastKnownFileType = text.plist.xml; path = Info.plist; sourceTree = "<group>"; };
/* End PBXFileReference section */

/* Begin PBXFrameworksBuildPhase section */
		56AF6D9721D420E6004D9211 /* Frameworks */ = {
			isa = PBXFrameworksBuildPhase;
			buildActionMask = 2147483647;
			files = (
			);
			runOnlyForDeploymentPostprocessing = 0;
		};
		56AF6DAD21D420E7004D9211 /* Frameworks */ = {
			isa = PBXFrameworksBuildPhase;
			buildActionMask = 2147483647;
			files = (
			);
			runOnlyForDeploymentPostprocessing = 0;
		};
		56AF6DB821D420E7004D9211 /* Frameworks */ = {
			isa = PBXFrameworksBuildPhase;
			buildActionMask = 2147483647;
			files = (
			);
			runOnlyForDeploymentPostprocessing = 0;
		};
/* End PBXFrameworksBuildPhase section */

/* Begin PBXGroup section */
		56AF6D9121D420E6004D9211 = {
			isa = PBXGroup;
			children = (
				56AF6D9C21D420E6004D9211 /* ARDicee */,
				56AF6DB321D420E7004D9211 /* ARDiceeTests */,
				56AF6DBE21D420E7004D9211 /* ARDiceeUITests */,
				56AF6D9B21D420E6004D9211 /* Products */,
			);
			sourceTree = "<group>";
		};
		56AF6D9B21D420E6004D9211 /* Products */ = {
			isa = PBXGroup;
			children = (
				56AF6D9A21D420E6004D9211 /* ARDicee.app */,
				56AF6DB021D420E7004D9211 /* ARDiceeTests.xctest */,
				56AF6DBB21D420E7004D9211 /* ARDiceeUITests.xctest */,
			);
			name = Products;
			sourceTree = "<group>";
		};
		56AF6D9C21D420E6004D9211 /* ARDicee */ = {
			isa = PBXGroup;
			children = (
				56AF6D9D21D420E6004D9211 /* AppDelegate.swift */,
				56AF6DA121D420E6004D9211 /* ViewController.swift */,
				56AF6DA321D420E6004D9211 /* Main.storyboard */,
				56AF6DA621D420E7004D9211 /* Assets.xcassets */,
				56AF6D9F21D420E6004D9211 /* art.scnassets */,
				56AF6DA821D420E7004D9211 /* LaunchScreen.storyboard */,
				56AF6DAB21D420E7004D9211 /* Info.plist */,
				560DB55821DDB00200B24067 /* StartVC.swift */,
			);
			path = ARDicee;
			sourceTree = "<group>";
		};
		56AF6DB321D420E7004D9211 /* ARDiceeTests */ = {
			isa = PBXGroup;
			children = (
				56AF6DB421D420E7004D9211 /* ARDiceeTests.swift */,
				56AF6DB621D420E7004D9211 /* Info.plist */,
			);
			path = ARDiceeTests;
			sourceTree = "<group>";
		};
		56AF6DBE21D420E7004D9211 /* ARDiceeUITests */ = {
			isa = PBXGroup;
			children = (
				56AF6DBF21D420E7004D9211 /* ARDiceeUITests.swift */,
				56AF6DC121D420E7004D9211 /* Info.plist */,
			);
			path = ARDiceeUITests;
			sourceTree = "<group>";
		};
/* End PBXGroup section */

/* Begin PBXNativeTarget section */
		56AF6D9921D420E6004D9211 /* ARDicee */ = {
			isa = PBXNativeTarget;
			buildConfigurationList = 56AF6DC421D420E7004D9211 /* Build configuration list for PBXNativeTarget "ARDicee" */;
			buildPhases = (
				56AF6D9621D420E6004D9211 /* Sources */,
				56AF6D9721D420E6004D9211 /* Frameworks */,
				56AF6D9821D420E6004D9211 /* Resources */,
			);
			buildRules = (
			);
			dependencies = (
			);
			name = ARDicee;
			productName = ARDicee;
			productReference = 56AF6D9A21D420E6004D9211 /* ARDicee.app */;
			productType = "com.apple.product-type.application";
		};
		56AF6DAF21D420E7004D9211 /* ARDiceeTests */ = {
			isa = PBXNativeTarget;
			buildConfigurationList = 56AF6DC721D420E7004D9211 /* Build configuration list for PBXNativeTarget "ARDiceeTests" */;
			buildPhases = (
				56AF6DAC21D420E7004D9211 /* Sources */,
				56AF6DAD21D420E7004D9211 /* Frameworks */,
				56AF6DAE21D420E7004D9211 /* Resources */,
			);
			buildRules = (
			);
			dependencies = (
				56AF6DB221D420E7004D9211 /* PBXTargetDependency */,
			);
			name = ARDiceeTests;
			productName = ARDiceeTests;
			productReference = 56AF6DB021D420E7004D9211 /* ARDiceeTests.xctest */;
			productType = "com.apple.product-type.bundle.unit-test";
		};
		56AF6DBA21D420E7004D9211 /* ARDiceeUITests */ = {
			isa = PBXNativeTarget;
			buildConfigurationList = 56AF6DCA21D420E7004D9211 /* Build configuration list for PBXNativeTarget "ARDiceeUITests" */;
			buildPhases = (
				56AF6DB721D420E7004D9211 /* Sources */,
				56AF6DB821D420E7004D9211 /* Frameworks */,
				56AF6DB921D420E7004D9211 /* Resources */,
			);
			buildRules = (
			);
			dependencies = (
				56AF6DBD21D420E7004D9211 /* PBXTargetDependency */,
			);
			name = ARDiceeUITests;
			productName = ARDiceeUITests;
			productReference = 56AF6DBB21D420E7004D9211 /* ARDiceeUITests.xctest */;
			productType = "com.apple.product-type.bundle.ui-testing";
		};
/* End PBXNativeTarget section */

/* Begin PBXProject section */
		56AF6D9221D420E6004D9211 /* Project object */ = {
			isa = PBXProject;
			attributes = {
				LastSwiftUpdateCheck = 1010;
				LastUpgradeCheck = 1010;
				ORGANIZATIONNAME = "Mina Guirguis";
				TargetAttributes = {
					56AF6D9921D420E6004D9211 = {
						CreatedOnToolsVersion = 10.1;
					};
					56AF6DAF21D420E7004D9211 = {
						CreatedOnToolsVersion = 10.1;
						TestTargetID = 56AF6D9921D420E6004D9211;
					};
					56AF6DBA21D420E7004D9211 = {
						CreatedOnToolsVersion = 10.1;
						TestTargetID = 56AF6D9921D420E6004D9211;
					};
				};
			};
			buildConfigurationList = 56AF6D9521D420E6004D9211 /* Build configuration list for PBXProject "ARDicee" */;
			compatibilityVersion = "Xcode 9.3";
			developmentRegion = en;
			hasScannedForEncodings = 0;
			knownRegions = (
				en,
				Base,
			);
			mainGroup = 56AF6D9121D420E6004D9211;
			productRefGroup = 56AF6D9B21D420E6004D9211 /* Products */;
			projectDirPath = "";
			projectRoot = "";
			targets = (
				56AF6D9921D420E6004D9211 /* ARDicee */,
				56AF6DAF21D420E7004D9211 /* ARDiceeTests */,
				56AF6DBA21D420E7004D9211 /* ARDiceeUITests */,
			);
		};
/* End PBXProject section */

/* Begin PBXResourcesBuildPhase section */
		56AF6D9821D420E6004D9211 /* Resources */ = {
			isa = PBXResourcesBuildPhase;
			buildActionMask = 2147483647;
			files = (
				56AF6DA021D420E6004D9211 /* art.scnassets in Resources */,
				56AF6DAA21D420E7004D9211 /* LaunchScreen.storyboard in Resources */,
				56AF6DA721D420E7004D9211 /* Assets.xcassets in Resources */,
				56AF6DA521D420E6004D9211 /* Main.storyboard in Resources */,
			);
			runOnlyForDeploymentPostprocessing = 0;
		};
		56AF6DAE21D420E7004D9211 /* Resources */ = {
			isa = PBXResourcesBuildPhase;
			buildActionMask = 2147483647;
			files = (
			);
			runOnlyForDeploymentPostprocessing = 0;
		};
		56AF6DB921D420E7004D9211 /* Resources */ = {
			isa = PBXResourcesBuildPhase;
			buildActionMask = 2147483647;
			files = (
			);
			runOnlyForDeploymentPostprocessing = 0;
		};
/* End PBXResourcesBuildPhase section */

/* Begin PBXSourcesBuildPhase section */
		56AF6D9621D420E6004D9211 /* Sources */ = {
			isa = PBXSourcesBuildPhase;
			buildActionMask = 2147483647;
			files = (
				56AF6DA221D420E6004D9211 /* ViewController.swift in Sources */,
				56AF6D9E21D420E6004D9211 /* AppDelegate.swift in Sources */,
				560DB55921DDB00200B24067 /* StartVC.swift in Sources */,
			);
			runOnlyForDeploymentPostprocessing = 0;
		};
		56AF6DAC21D420E7004D9211 /* Sources */ = {
			isa = PBXSourcesBuildPhase;
			buildActionMask = 2147483647;
			files = (
				56AF6DB521D420E7004D9211 /* ARDiceeTests.swift in Sources */,
			);
			runOnlyForDeploymentPostprocessing = 0;
		};
		56AF6DB721D420E7004D9211 /* Sources */ = {
			isa = PBXSourcesBuildPhase;
			buildActionMask = 2147483647;
			files = (
				56AF6DC021D420E7004D9211 /* ARDiceeUITests.swift in Sources */,
			);
			runOnlyForDeploymentPostprocessing = 0;
		};
/* End PBXSourcesBuildPhase section */

/* Begin PBXTargetDependency section */
		56AF6DB221D420E7004D9211 /* PBXTargetDependency */ = {
			isa = PBXTargetDependency;
			target = 56AF6D9921D420E6004D9211 /* ARDicee */;
			targetProxy = 56AF6DB121D420E7004D9211 /* PBXContainerItemProxy */;
		};
		56AF6DBD21D420E7004D9211 /* PBXTargetDependency */ = {
			isa = PBXTargetDependency;
			target = 56AF6D9921D420E6004D9211 /* ARDicee */;
			targetProxy = 56AF6DBC21D420E7004D9211 /* PBXContainerItemProxy */;
		};
/* End PBXTargetDependency section */

/* Begin PBXVariantGroup section */
		56AF6DA321D420E6004D9211 /* Main.storyboard */ = {
			isa = PBXVariantGroup;
			children = (
				56AF6DA421D420E6004D9211 /* Base */,
			);
			name = Main.storyboard;
			sourceTree = "<group>";
		};
		56AF6DA821D420E7004D9211 /* LaunchScreen.storyboard */ = {
			isa = PBXVariantGroup;
			children = (
				56AF6DA921D420E7004D9211 /* Base */,
			);
			name = LaunchScreen.storyboard;
			sourceTree = "<group>";
		};
/* End PBXVariantGroup section */

/* Begin XCBuildConfiguration section */
		56AF6DC221D420E7004D9211 /* Debug */ = {
			isa = XCBuildConfiguration;
			buildSettings = {
				ALWAYS_SEARCH_USER_PATHS = NO;
				CLANG_ANALYZER_NONNULL = YES;
				CLANG_ANALYZER_NUMBER_OBJECT_CONVERSION = YES_AGGRESSIVE;
				CLANG_CXX_LANGUAGE_STANDARD = "gnu++14";
				CLANG_CXX_LIBRARY = "libc++";
				CLANG_ENABLE_MODULES = YES;
				CLANG_ENABLE_OBJC_ARC = YES;
				CLANG_ENABLE_OBJC_WEAK = YES;
				CLANG_WARN_BLOCK_CAPTURE_AUTORELEASING = YES;
				CLANG_WARN_BOOL_CONVERSION = YES;
				CLANG_WARN_COMMA = YES;
				CLANG_WARN_CONSTANT_CONVERSION = YES;
				CLANG_WARN_DEPRECATED_OBJC_IMPLEMENTATIONS = YES;
				CLANG_WARN_DIRECT_OBJC_ISA_USAGE = YES_ERROR;
				CLANG_WARN_DOCUMENTATION_COMMENTS = YES;
				CLANG_WARN_EMPTY_BODY = YES;
				CLANG_WARN_ENUM_CONVERSION = YES;
				CLANG_WARN_INFINITE_RECURSION = YES;
				CLANG_WARN_INT_CONVERSION = YES;
				CLANG_WARN_NON_LITERAL_NULL_CONVERSION = YES;
				CLANG_WARN_OBJC_IMPLICIT_RETAIN_SELF = YES;
				CLANG_WARN_OBJC_LITERAL_CONVERSION = YES;
				CLANG_WARN_OBJC_ROOT_CLASS = YES_ERROR;
				CLANG_WARN_RANGE_LOOP_ANALYSIS = YES;
				CLANG_WARN_STRICT_PROTOTYPES = YES;
				CLANG_WARN_SUSPICIOUS_MOVE = YES;
				CLANG_WARN_UNGUARDED_AVAILABILITY = YES_AGGRESSIVE;
				CLANG_WARN_UNREACHABLE_CODE = YES;
				CLANG_WARN__DUPLICATE_METHOD_MATCH = YES;
				CODE_SIGN_IDENTITY = "iPhone Developer";
				COPY_PHASE_STRIP = NO;
				DEBUG_INFORMATION_FORMAT = dwarf;
				ENABLE_STRICT_OBJC_MSGSEND = YES;
				ENABLE_TESTABILITY = YES;
				GCC_C_LANGUAGE_STANDARD = gnu11;
				GCC_DYNAMIC_NO_PIC = NO;
				GCC_NO_COMMON_BLOCKS = YES;
				GCC_OPTIMIZATION_LEVEL = 0;
				GCC_PREPROCESSOR_DEFINITIONS = (
					"DEBUG=1",
					"$(inherited)",
				);
				GCC_WARN_64_TO_32_BIT_CONVERSION = YES;
				GCC_WARN_ABOUT_RETURN_TYPE = YES_ERROR;
				GCC_WARN_UNDECLARED_SELECTOR = YES;
				GCC_WARN_UNINITIALIZED_AUTOS = YES_AGGRESSIVE;
				GCC_WARN_UNUSED_FUNCTION = YES;
				GCC_WARN_UNUSED_VARIABLE = YES;
				IPHONEOS_DEPLOYMENT_TARGET = 12.1;
				MTL_ENABLE_DEBUG_INFO = INCLUDE_SOURCE;
				MTL_FAST_MATH = YES;
				ONLY_ACTIVE_ARCH = YES;
				SDKROOT = iphoneos;
				SWIFT_ACTIVE_COMPILATION_CONDITIONS = DEBUG;
				SWIFT_OPTIMIZATION_LEVEL = "-Onone";
			};
			name = Debug;
		};
		56AF6DC321D420E7004D9211 /* Release */ = {
			isa = XCBuildConfiguration;
			buildSettings = {
				ALWAYS_SEARCH_USER_PATHS = NO;
				CLANG_ANALYZER_NONNULL = YES;
				CLANG_ANALYZER_NUMBER_OBJECT_CONVERSION = YES_AGGRESSIVE;
				CLANG_CXX_LANGUAGE_STANDARD = "gnu++14";
				CLANG_CXX_LIBRARY = "libc++";
				CLANG_ENABLE_MODULES = YES;
				CLANG_ENABLE_OBJC_ARC = YES;
				CLANG_ENABLE_OBJC_WEAK = YES;
				CLANG_WARN_BLOCK_CAPTURE_AUTORELEASING = YES;
				CLANG_WARN_BOOL_CONVERSION = YES;
				CLANG_WARN_COMMA = YES;
				CLANG_WARN_CONSTANT_CONVERSION = YES;
				CLANG_WARN_DEPRECATED_OBJC_IMPLEMENTATIONS = YES;
				CLANG_WARN_DIRECT_OBJC_ISA_USAGE = YES_ERROR;
				CLANG_WARN_DOCUMENTATION_COMMENTS = YES;
				CLANG_WARN_EMPTY_BODY = YES;
				CLANG_WARN_ENUM_CONVERSION = YES;
				CLANG_WARN_INFINITE_RECURSION = YES;
				CLANG_WARN_INT_CONVERSION = YES;
				CLANG_WARN_NON_LITERAL_NULL_CONVERSION = YES;
				CLANG_WARN_OBJC_IMPLICIT_RETAIN_SELF = YES;
				CLANG_WARN_OBJC_LITERAL_CONVERSION = YES;
				CLANG_WARN_OBJC_ROOT_CLASS = YES_ERROR;
				CLANG_WARN_RANGE_LOOP_ANALYSIS = YES;
				CLANG_WARN_STRICT_PROTOTYPES = YES;
				CLANG_WARN_SUSPICIOUS_MOVE = YES;
				CLANG_WARN_UNGUARDED_AVAILABILITY = YES_AGGRESSIVE;
				CLANG_WARN_UNREACHABLE_CODE = YES;
				CLANG_WARN__DUPLICATE_METHOD_MATCH = YES;
				CODE_SIGN_IDENTITY = "iPhone Developer";
				COPY_PHASE_STRIP = NO;
				DEBUG_INFORMATION_FORMAT = "dwarf-with-dsym";
				ENABLE_NS_ASSERTIONS = NO;
				ENABLE_STRICT_OBJC_MSGSEND = YES;
				GCC_C_LANGUAGE_STANDARD = gnu11;
				GCC_NO_COMMON_BLOCKS = YES;
				GCC_WARN_64_TO_32_BIT_CONVERSION = YES;
				GCC_WARN_ABOUT_RETURN_TYPE = YES_ERROR;
				GCC_WARN_UNDECLARED_SELECTOR = YES;
				GCC_WARN_UNINITIALIZED_AUTOS = YES_AGGRESSIVE;
				GCC_WARN_UNUSED_FUNCTION = YES;
				GCC_WARN_UNUSED_VARIABLE = YES;
				IPHONEOS_DEPLOYMENT_TARGET = 12.1;
				MTL_ENABLE_DEBUG_INFO = NO;
				MTL_FAST_MATH = YES;
				SDKROOT = iphoneos;
				SWIFT_COMPILATION_MODE = wholemodule;
				SWIFT_OPTIMIZATION_LEVEL = "-O";
				VALIDATE_PRODUCT = YES;
			};
			name = Release;
		};
		56AF6DC521D420E7004D9211 /* Debug */ = {
			isa = XCBuildConfiguration;
			buildSettings = {
				ASSETCATALOG_COMPILER_APPICON_NAME = AppIcon;
				CODE_SIGN_STYLE = Automatic;
				DEVELOPMENT_TEAM = 4L94643B5E;
				INFOPLIST_FILE = ARDicee/Info.plist;
				LD_RUNPATH_SEARCH_PATHS = (
					"$(inherited)",
					"@executable_path/Frameworks",
				);
				PRODUCT_BUNDLE_IDENTIFIER = MinaGuirguis.ARDicee;
				PRODUCT_NAME = "$(TARGET_NAME)";
				SWIFT_VERSION = 4.2;
				TARGETED_DEVICE_FAMILY = "1,2";
			};
			name = Debug;
		};
		56AF6DC621D420E7004D9211 /* Release */ = {
			isa = XCBuildConfiguration;
			buildSettings = {
				ASSETCATALOG_COMPILER_APPICON_NAME = AppIcon;
				CODE_SIGN_STYLE = Automatic;
				DEVELOPMENT_TEAM = 4L94643B5E;
				INFOPLIST_FILE = ARDicee/Info.plist;
				LD_RUNPATH_SEARCH_PATHS = (
					"$(inherited)",
					"@executable_path/Frameworks",
				);
				PRODUCT_BUNDLE_IDENTIFIER = MinaGuirguis.ARDicee;
				PRODUCT_NAME = "$(TARGET_NAME)";
				SWIFT_VERSION = 4.2;
				TARGETED_DEVICE_FAMILY = "1,2";
			};
			name = Release;
		};
		56AF6DC821D420E7004D9211 /* Debug */ = {
			isa = XCBuildConfiguration;
			buildSettings = {
				ALWAYS_EMBED_SWIFT_STANDARD_LIBRARIES = YES;
				BUNDLE_LOADER = "$(TEST_HOST)";
				CODE_SIGN_STYLE = Automatic;
				INFOPLIST_FILE = ARDiceeTests/Info.plist;
				LD_RUNPATH_SEARCH_PATHS = (
					"$(inherited)",
					"@executable_path/Frameworks",
					"@loader_path/Frameworks",
				);
				PRODUCT_BUNDLE_IDENTIFIER = MinaGuirguis.ARDiceeTests;
				PRODUCT_NAME = "$(TARGET_NAME)";
				SWIFT_VERSION = 4.2;
				TARGETED_DEVICE_FAMILY = "1,2";
				TEST_HOST = "$(BUILT_PRODUCTS_DIR)/ARDicee.app/ARDicee";
			};
			name = Debug;
		};
		56AF6DC921D420E7004D9211 /* Release */ = {
			isa = XCBuildConfiguration;
			buildSettings = {
				ALWAYS_EMBED_SWIFT_STANDARD_LIBRARIES = YES;
				BUNDLE_LOADER = "$(TEST_HOST)";
				CODE_SIGN_STYLE = Automatic;
				INFOPLIST_FILE = ARDiceeTests/Info.plist;
				LD_RUNPATH_SEARCH_PATHS = (
					"$(inherited)",
					"@executable_path/Frameworks",
					"@loader_path/Frameworks",
				);
				PRODUCT_BUNDLE_IDENTIFIER = MinaGuirguis.ARDiceeTests;
				PRODUCT_NAME = "$(TARGET_NAME)";
				SWIFT_VERSION = 4.2;
				TARGETED_DEVICE_FAMILY = "1,2";
				TEST_HOST = "$(BUILT_PRODUCTS_DIR)/ARDicee.app/ARDicee";
			};
			name = Release;
		};
		56AF6DCB21D420E7004D9211 /* Debug */ = {
			isa = XCBuildConfiguration;
			buildSettings = {
				ALWAYS_EMBED_SWIFT_STANDARD_LIBRARIES = YES;
				CODE_SIGN_STYLE = Automatic;
				INFOPLIST_FILE = ARDiceeUITests/Info.plist;
				LD_RUNPATH_SEARCH_PATHS = (
					"$(inherited)",
					"@executable_path/Frameworks",
					"@loader_path/Frameworks",
				);
				PRODUCT_BUNDLE_IDENTIFIER = MinaGuirguis.ARDiceeUITests;
				PRODUCT_NAME = "$(TARGET_NAME)";
				SWIFT_VERSION = 4.2;
				TARGETED_DEVICE_FAMILY = "1,2";
				TEST_TARGET_NAME = ARDicee;
			};
			name = Debug;
		};
		56AF6DCC21D420E7004D9211 /* Release */ = {
			isa = XCBuildConfiguration;
			buildSettings = {
				ALWAYS_EMBED_SWIFT_STANDARD_LIBRARIES = YES;
				CODE_SIGN_STYLE = Automatic;
				INFOPLIST_FILE = ARDiceeUITests/Info.plist;
				LD_RUNPATH_SEARCH_PATHS = (
					"$(inherited)",
					"@executable_path/Frameworks",
					"@loader_path/Frameworks",
				);
				PRODUCT_BUNDLE_IDENTIFIER = MinaGuirguis.ARDiceeUITests;
				PRODUCT_NAME = "$(TARGET_NAME)";
				SWIFT_VERSION = 4.2;
				TARGETED_DEVICE_FAMILY = "1,2";
				TEST_TARGET_NAME = ARDicee;
			};
			name = Release;
		};
/* End XCBuildConfiguration section */

/* Begin XCConfigurationList section */
		56AF6D9521D420E6004D9211 /* Build configuration list for PBXProject "ARDicee" */ = {
			isa = XCConfigurationList;
			buildConfigurations = (
				56AF6DC221D420E7004D9211 /* Debug */,
				56AF6DC321D420E7004D9211 /* Release */,
			);
			defaultConfigurationIsVisible = 0;
			defaultConfigurationName = Release;
		};
		56AF6DC421D420E7004D9211 /* Build configuration list for PBXNativeTarget "ARDicee" */ = {
			isa = XCConfigurationList;
			buildConfigurations = (
				56AF6DC521D420E7004D9211 /* Debug */,
				56AF6DC621D420E7004D9211 /* Release */,
			);
			defaultConfigurationIsVisible = 0;
			defaultConfigurationName = Release;
		};
		56AF6DC721D420E7004D9211 /* Build configuration list for PBXNativeTarget "ARDiceeTests" */ = {
			isa = XCConfigurationList;
			buildConfigurations = (
				56AF6DC821D420E7004D9211 /* Debug */,
				56AF6DC921D420E7004D9211 /* Release */,
			);
			defaultConfigurationIsVisible = 0;
			defaultConfigurationName = Release;
		};
		56AF6DCA21D420E7004D9211 /* Build configuration list for PBXNativeTarget "ARDiceeUITests" */ = {
			isa = XCConfigurationList;
			buildConfigurations = (
				56AF6DCB21D420E7004D9211 /* Debug */,
				56AF6DCC21D420E7004D9211 /* Release */,
			);
			defaultConfigurationIsVisible = 0;
			defaultConfigurationName = Release;
		};
/* End XCConfigurationList section */
	};
	rootObject = 56AF6D9221D420E6004D9211 /* Project object */;
}
